{
  "name": "test-fast-tigr.c",
  "version": "1.0.0",
  "lockfileVersion": 3,
  "requires": true,
  "packages": {
    "": {
      "name": "test-fast-tigr.c",
      "version": "1.0.0",
      "license": "MIT",
      "dependencies": {
        "tigr.c": "^3.2.4"
      }
    },
    "node_modules/tigr.c": {
      "version": "3.2.4",
      "resolved": "https://registry.npmjs.org/tigr.c/-/tigr.c-3.2.4.tgz",
      "integrity": "sha512-faSftB6F8n4MNSk5/tiRNl6rPk6rQzDuAOqnxuViCuyCyF5DwarjoUEaJzZsAEA1tqTqIR4hp2TUL1+hdOb32g==",
      "license": "UNLICENSED"
    }
  }
}
